
Microsoft Visual Studio Solution File, Format Version 12.00
# Visual Studio 14
VisualStudioVersion = 14.0.25420.1
MinimumVisualStudioVersion = 10.0.40219.1
Project("{FAE04EC0-301F-11D3-BF4B-00C04F79EFBC}") = "WCFFoodDelivery", "WCFFoodDelivery\WCFFoodDelivery.csproj", "{344A602D-1E2A-4647-92C4-DDFEB0934ED4}"
EndProject
Project("{FAE04EC0-301F-11D3-BF4B-00C04F79EFBC}") = "Models", "Models\Models.csproj", "{72B8BD98-8304-4461-A8A8-92D4973E721F}"
EndProject
Project("{FAE04EC0-301F-11D3-BF4B-00C04F79EFBC}") = "Controllers", "Controllers\Controllers.csproj", "{8EE5724C-0679-4DCF-840E-5B6244E5A6DB}"
EndProject
Global
	GlobalSection(SolutionConfigurationPlatforms) = preSolution
		Debug|Any CPU = Debug|Any CPU
		Release|Any CPU = Release|Any CPU
	EndGlobalSection
	GlobalSection(ProjectConfigurationPlatforms) = postSolution
		{344A602D-1E2A-4647-92C4-DDFEB0934ED4}.Debug|Any CPU.ActiveCfg = Debug|Any CPU
		{344A602D-1E2A-4647-92C4-DDFEB0934ED4}.Debug|Any CPU.Build.0 = Debug|Any CPU
		{344A602D-1E2A-4647-92C4-DDFEB0934ED4}.Release|Any CPU.ActiveCfg = Release|Any CPU
		{344A602D-1E2A-4647-92C4-DDFEB0934ED4}.Release|Any CPU.Build.0 = Release|Any CPU
		{72B8BD98-8304-4461-A8A8-92D4973E721F}.Debug|Any CPU.ActiveCfg = Debug|Any CPU
		{72B8BD98-8304-4461-A8A8-92D4973E721F}.Debug|Any CPU.Build.0 = Debug|Any CPU
		{72B8BD98-8304-4461-A8A8-92D4973E721F}.Release|Any CPU.ActiveCfg = Release|Any CPU
		{72B8BD98-8304-4461-A8A8-92D4973E721F}.Release|Any CPU.Build.0 = Release|Any CPU
		{8EE5724C-0679-4DCF-840E-5B6244E5A6DB}.Debug|Any CPU.ActiveCfg = Debug|Any CPU
		{8EE5724C-0679-4DCF-840E-5B6244E5A6DB}.Debug|Any CPU.Build.0 = Debug|Any CPU
		{8EE5724C-0679-4DCF-840E-5B6244E5A6DB}.Release|Any CPU.ActiveCfg = Release|Any CPU
		{8EE5724C-0679-4DCF-840E-5B6244E5A6DB}.Release|Any CPU.Build.0 = Release|Any CPU
	EndGlobalSection
	GlobalSection(SolutionProperties) = preSolution
		HideSolutionNode = FALSE
	EndGlobalSection
EndGlobal
